lockfileVersion: '6.0'

settings:
  autoInstallPeers: true
  excludeLinksFromLockfile: false

dependencies:
  aws-cdk:
    specifier: ^2.97.0
    version: 2.97.0

devDependencies:
  '@aws-cdk/aws-amplify-alpha':
    specifier: 2.97.0-alpha.0
    version: 2.97.0-alpha.0(aws-cdk-lib@2.97.0)(constructs@10.2.70)
  aws-cdk-lib:
    specifier: ^2.97.0
    version: 2.97.0(constructs@10.2.70)
  constructs:
    specifier: ^10.2.70
    version: 10.2.70

packages:

  /@aws-cdk/asset-awscli-v1@2.2.200:
    resolution: {integrity: sha512-Kf5J8DfJK4wZFWT2Myca0lhwke7LwHcHBo+4TvWOGJrFVVKVuuiLCkzPPRBQQVDj0Vtn2NBokZAz8pfMpAqAKg==}
    dev: true

  /@aws-cdk/asset-kubectl-v20@2.1.2:
    resolution: {integrity: sha512-3M2tELJOxQv0apCIiuKQ4pAbncz9GuLwnKFqxifWfe77wuMxyTRPmxssYHs42ePqzap1LT6GDcPygGs+hHstLg==}
    dev: true

  /@aws-cdk/asset-node-proxy-agent-v6@2.0.1:
    resolution: {integrity: sha512-DDt4SLdLOwWCjGtltH4VCST7hpOI5DzieuhGZsBpZ+AgJdSI2GCjklCXm0GCTwJG/SolkL5dtQXyUKgg9luBDg==}
    dev: true

  /@aws-cdk/aws-amplify-alpha@2.97.0-alpha.0(aws-cdk-lib@2.97.0)(constructs@10.2.70):
    resolution: {integrity: sha512-nr6Ddv72kQVV9dr4zaXNuXgK5zjS6+TEvPbBYsXLLJ02eLUYIqzb3nnQlvoRzsZlHZZAdJizJwGluT+mYH4deQ==}
    engines: {node: '>= 14.15.0'}
    peerDependencies:
      aws-cdk-lib: 2.97.0
      constructs: ^10.0.0
    dependencies:
      aws-cdk-lib: 2.97.0(constructs@10.2.70)
      constructs: 10.2.70
    dev: true

  /aws-cdk-lib@2.97.0(constructs@10.2.70):
    resolution: {integrity: sha512-O9LYiQcaJTngaz4wocMw6RIcPs7jhIXE1k+2uEBrf6UqaH/nxa18wd4q5Mw7+jNFLkR37Ivw6XF/RYA5ZcREKw==}
    engines: {node: '>= 14.15.0'}
    peerDependencies:
      constructs: ^10.0.0
    dependencies:
      '@aws-cdk/asset-awscli-v1': 2.2.200
      '@aws-cdk/asset-kubectl-v20': 2.1.2
      '@aws-cdk/asset-node-proxy-agent-v6': 2.0.1
      constructs: 10.2.70
    dev: true
    bundledDependencies:
      - '@balena/dockerignore'
      - case
      - fs-extra
      - ignore
      - jsonschema
      - minimatch
      - punycode
      - semver
      - table
      - yaml

  /aws-cdk@2.97.0:
    resolution: {integrity: sha512-YTQU6y4E82Srz4F/Vj8zsHz8eCrstLY1HIMzkxOJqnaKO8wtGBCSjSwHlwcS/HnGUl9qBXWgHQwxXvu5yyVw5A==}
    engines: {node: '>= 14.15.0'}
    hasBin: true
    optionalDependencies:
      fsevents: 2.3.2
    dev: false

  /constructs@10.2.70:
    resolution: {integrity: sha512-z6zr1E8K/9tzJbCQzY0UGX0/oVKPFKu9C/mzEnghCG6TAJINnvlq0CMKm63XqqeMleadZYm5T3sZGJKcxJS/Pg==}
    engines: {node: '>= 16.14.0'}
    dev: true

  /fsevents@2.3.2:
    resolution: {integrity: sha512-xiqMQR4xAeHTuB9uWm+fFRcIOgKBMiOBP+eXiyT7jsgVCq1bkVygt00oASowB7EdtpOHaaPgKt812P9ab+DDKA==}
    engines: {node: ^8.16.0 || ^10.6.0 || >=11.0.0}
    os: [darwin]
    requiresBuild: true
    dev: false
    optional: true
